
Microsoft Visual Studio Solution File, Format Version 12.00
# Visual Studio Version 17
VisualStudioVersion = 17.11.35327.3
MinimumVisualStudioVersion = 10.0.40219.1
Project("{FAE04EC0-301F-11D3-BF4B-00C04F79EFBC}") = "Test", "Test\Test.csproj", "{7F0F860C-52A9-48B4-94FB-5EB5B9F1794B}"
EndProject
Global
	GlobalSection(SolutionConfigurationPlatforms) = preSolution
		Debug|Any CPU = Debug|Any CPU
		Release|Any CPU = Release|Any CPU
	EndGlobalSection
	GlobalSection(ProjectConfigurationPlatforms) = postSolution
		{7F0F860C-52A9-48B4-94FB-5EB5B9F1794B}.Debug|Any CPU.ActiveCfg = Debug|Any CPU
		{7F0F860C-52A9-48B4-94FB-5EB5B9F1794B}.Debug|Any CPU.Build.0 = Debug|Any CPU
		{7F0F860C-52A9-48B4-94FB-5EB5B9F1794B}.Release|Any CPU.ActiveCfg = Release|Any CPU
		{7F0F860C-52A9-48B4-94FB-5EB5B9F1794B}.Release|Any CPU.Build.0 = Release|Any CPU
	EndGlobalSection
	GlobalSection(SolutionProperties) = preSolution
		HideSolutionNode = FALSE
	EndGlobalSection
	GlobalSection(ExtensibilityGlobals) = postSolution
		SolutionGuid = {C3332310-079B-42F8-8EC0-C8692E763E03}
	EndGlobalSection
EndGlobal
